{
  "object": {
    "pins": [
      {
        "package": "UnsplashPhotoPicker",
        "repositoryURL": "https://github.com/unsplash/unsplash-photopicker-ios.git",
        "state": {
          "branch": "master",
          "revision": "7306a92362855ec41149e5e214c63089586653f4",
          "version": null
        }
      }
    ]
  },
  "version": 1
}
